// !$*UTF8*$!
{
	archiveVersion = 1;
	classes = {
	};
	objectVersion = 55;
	objects = {

/* Begin PBXBuildFile section */
		033B86A62727B0CE0020E522 /* BitcoinTrackerViewController.swift in Sources */ = {isa = PBXBuildFile; fileRef = 033B86A52727B0CE0020E522 /* BitcoinTrackerViewController.swift */; };
		033B86A82727B2F90020E522 /* bitcoin-logo.jpeg in Resources */ = {isa = PBXBuildFile; fileRef = 033B86A72727B2F90020E522 /* bitcoin-logo.jpeg */; };
		033B86AB2727B9CB0020E522 /* Extensions.swift in Sources */ = {isa = PBXBuildFile; fileRef = 033B86AA2727B9CB0020E522 /* Extensions.swift */; };
		033B86AE2727BA220020E522 /* Constants.swift in Sources */ = {isa = PBXBuildFile; fileRef = 033B86AD2727BA220020E522 /* Constants.swift */; };
		033B86B02727BA5B0020E522 /* Utils.swift in Sources */ = {isa = PBXBuildFile; fileRef = 033B86AF2727BA5B0020E522 /* Utils.swift */; };
		03F04EBC27210EE5007CBD76 /* AppDelegate.swift in Sources */ = {isa = PBXBuildFile; fileRef = 03F04EBB27210EE5007CBD76 /* AppDelegate.swift */; };
		03F04EBE27210EE5007CBD76 /* SceneDelegate.swift in Sources */ = {isa = PBXBuildFile; fileRef = 03F04EBD27210EE5007CBD76 /* SceneDelegate.swift */; };
		03F04EC327210EE5007CBD76 /* Main.storyboard in Resources */ = {isa = PBXBuildFile; fileRef = 03F04EC127210EE5007CBD76 /* Main.storyboard */; };
		03F04EC527210EE9007CBD76 /* Assets.xcassets in Resources */ = {isa = PBXBuildFile; fileRef = 03F04EC427210EE9007CBD76 /* Assets.xcassets */; };
		03F04EC827210EE9007CBD76 /* LaunchScreen.storyboard in Resources */ = {isa = PBXBuildFile; fileRef = 03F04EC627210EE9007CBD76 /* LaunchScreen.storyboard */; };
		03F04ED82721C27E007CBD76 /* BitcoinTrackerViewModel.swift in Sources */ = {isa = PBXBuildFile; fileRef = 03F04ED72721C27E007CBD76 /* BitcoinTrackerViewModel.swift */; };
		03F04EDB2721C7CB007CBD76 /* BitcoinTrackerModel.swift in Sources */ = {isa = PBXBuildFile; fileRef = 03F04EDA2721C7CB007CBD76 /* BitcoinTrackerModel.swift */; };
/* End PBXBuildFile section */

/* Begin PBXFileReference section */
		033B86A52727B0CE0020E522 /* BitcoinTrackerViewController.swift */ = {isa = PBXFileReference; lastKnownFileType = sourcecode.swift; path = BitcoinTrackerViewController.swift; sourceTree = "<group>"; };
		033B86A72727B2F90020E522 /* bitcoin-logo.jpeg */ = {isa = PBXFileReference; lastKnownFileType = image.jpeg; path = "bitcoin-logo.jpeg"; sourceTree = "<group>"; };
		033B86AA2727B9CB0020E522 /* Extensions.swift */ = {isa = PBXFileReference; lastKnownFileType = sourcecode.swift; path = Extensions.swift; sourceTree = "<group>"; };
		033B86AD2727BA220020E522 /* Constants.swift */ = {isa = PBXFileReference; lastKnownFileType = sourcecode.swift; path = Constants.swift; sourceTree = "<group>"; };
		033B86AF2727BA5B0020E522 /* Utils.swift */ = {isa = PBXFileReference; lastKnownFileType = sourcecode.swift; path = Utils.swift; sourceTree = "<group>"; };
		03F04EB827210EE5007CBD76 /* BTCTracker.app */ = {isa = PBXFileReference; explicitFileType = wrapper.application; includeInIndex = 0; path = BTCTracker.app; sourceTree = BUILT_PRODUCTS_DIR; };
		03F04EBB27210EE5007CBD76 /* AppDelegate.swift */ = {isa = PBXFileReference; lastKnownFileType = sourcecode.swift; path = AppDelegate.swift; sourceTree = "<group>"; };
		03F04EBD27210EE5007CBD76 /* SceneDelegate.swift */ = {isa = PBXFileReference; lastKnownFileType = sourcecode.swift; path = SceneDelegate.swift; sourceTree = "<group>"; };
		03F04EC227210EE5007CBD76 /* Base */ = {isa = PBXFileReference; lastKnownFileType = file.storyboard; name = Base; path = Base.lproj/Main.storyboard; sourceTree = "<group>"; };
		03F04EC427210EE9007CBD76 /* Assets.xcassets */ = {isa = PBXFileReference; lastKnownFileType = folder.assetcatalog; path = Assets.xcassets; sourceTree = "<group>"; };
		03F04EC727210EE9007CBD76 /* Base */ = {isa = PBXFileReference; lastKnownFileType = file.storyboard; name = Base; path = Base.lproj/LaunchScreen.storyboard; sourceTree = "<group>"; };
		03F04EC927210EE9007CBD76 /* Info.plist */ = {isa = PBXFileReference; lastKnownFileType = text.plist.xml; path = Info.plist; sourceTree = "<group>"; };
		03F04ED72721C27E007CBD76 /* BitcoinTrackerViewModel.swift */ = {isa = PBXFileReference; lastKnownFileType = sourcecode.swift; path = BitcoinTrackerViewModel.swift; sourceTree = "<group>"; };
		03F04EDA2721C7CB007CBD76 /* BitcoinTrackerModel.swift */ = {isa = PBXFileReference; lastKnownFileType = sourcecode.swift; path = BitcoinTrackerModel.swift; sourceTree = "<group>"; };
/* End PBXFileReference section */

/* Begin PBXFrameworksBuildPhase section */
		03F04EB527210EE5007CBD76 /* Frameworks */ = {
			isa = PBXFrameworksBuildPhase;
			buildActionMask = 2147483647;
			files = (
			);
			runOnlyForDeploymentPostprocessing = 0;
		};
/* End PBXFrameworksBuildPhase section */

/* Begin PBXGroup section */
		033B86AC2727BA060020E522 /* Utility */ = {
			isa = PBXGroup;
			children = (
				033B86AA2727B9CB0020E522 /* Extensions.swift */,
				033B86AD2727BA220020E522 /* Constants.swift */,
				033B86AF2727BA5B0020E522 /* Utils.swift */,
			);
			path = Utility;
			sourceTree = "<group>";
		};
		03F04EAF27210EE5007CBD76 = {
			isa = PBXGroup;
			children = (
				03F04EBA27210EE5007CBD76 /* BTCTracker */,
				03F04EB927210EE5007CBD76 /* Products */,
			);
			sourceTree = "<group>";
		};
		03F04EB927210EE5007CBD76 /* Products */ = {
			isa = PBXGroup;
			children = (
				03F04EB827210EE5007CBD76 /* BTCTracker.app */,
			);
			name = Products;
			sourceTree = "<group>";
		};
		03F04EBA27210EE5007CBD76 /* BTCTracker */ = {
			isa = PBXGroup;
			children = (
				03F04ECF2721B458007CBD76 /* App */,
				03F04ED02721B46F007CBD76 /* Application Support */,
				03F04ED22721B550007CBD76 /* Other */,
				03F04ED12721B53D007CBD76 /* Storyboards */,
				033B86AC2727BA060020E522 /* Utility */,
			);
			path = BTCTracker;
			sourceTree = "<group>";
		};
		03F04ECF2721B458007CBD76 /* App */ = {
			isa = PBXGroup;
			children = (
				03F04ED32721C183007CBD76 /* BitcoinTracker */,
			);
			path = App;
			sourceTree = "<group>";
		};
		03F04ED02721B46F007CBD76 /* Application Support */ = {
			isa = PBXGroup;
			children = (
				03F04EBB27210EE5007CBD76 /* AppDelegate.swift */,
				03F04EBD27210EE5007CBD76 /* SceneDelegate.swift */,
			);
			path = "Application Support";
			sourceTree = "<group>";
		};
		03F04ED12721B53D007CBD76 /* Storyboards */ = {
			isa = PBXGroup;
			children = (
				03F04EC627210EE9007CBD76 /* LaunchScreen.storyboard */,
				03F04EC127210EE5007CBD76 /* Main.storyboard */,
			);
			path = Storyboards;
			sourceTree = "<group>";
		};
		03F04ED22721B550007CBD76 /* Other */ = {
			isa = PBXGroup;
			children = (
				033B86A72727B2F90020E522 /* bitcoin-logo.jpeg */,
				03F04EC927210EE9007CBD76 /* Info.plist */,
				03F04EC427210EE9007CBD76 /* Assets.xcassets */,
			);
			path = Other;
			sourceTree = "<group>";
		};
		03F04ED32721C183007CBD76 /* BitcoinTracker */ = {
			isa = PBXGroup;
			children = (
				03F04ED92721C2E1007CBD76 /* BitcoinTrackerModel */,
				03F04ED62721C1B1007CBD76 /* BitcoinTrackerViewController */,
				03F04ED42721C199007CBD76 /* BitcoinTrackerViewModel */,
			);
			path = BitcoinTracker;
			sourceTree = "<group>";
		};
		03F04ED42721C199007CBD76 /* BitcoinTrackerViewModel */ = {
			isa = PBXGroup;
			children = (
				03F04ED72721C27E007CBD76 /* BitcoinTrackerViewModel.swift */,
			);
			path = BitcoinTrackerViewModel;
			sourceTree = "<group>";
		};
		03F04ED62721C1B1007CBD76 /* BitcoinTrackerViewController */ = {
			isa = PBXGroup;
			children = (
				033B86A52727B0CE0020E522 /* BitcoinTrackerViewController.swift */,
			);
			path = BitcoinTrackerViewController;
			sourceTree = "<group>";
		};
		03F04ED92721C2E1007CBD76 /* BitcoinTrackerModel */ = {
			isa = PBXGroup;
			children = (
				03F04EDA2721C7CB007CBD76 /* BitcoinTrackerModel.swift */,
			);
			path = BitcoinTrackerModel;
			sourceTree = "<group>";
		};
/* End PBXGroup section */

/* Begin PBXNativeTarget section */
		03F04EB727210EE5007CBD76 /* BTCTracker */ = {
			isa = PBXNativeTarget;
			buildConfigurationList = 03F04ECC27210EE9007CBD76 /* Build configuration list for PBXNativeTarget "BTCTracker" */;
			buildPhases = (
				03F04EB427210EE5007CBD76 /* Sources */,
				03F04EB527210EE5007CBD76 /* Frameworks */,
				03F04EB627210EE5007CBD76 /* Resources */,
			);
			buildRules = (
			);
			dependencies = (
			);
			name = BTCTracker;
			productName = BTCTracker;
			productReference = 03F04EB827210EE5007CBD76 /* BTCTracker.app */;
			productType = "com.apple.product-type.application";
		};
/* End PBXNativeTarget section */

/* Begin PBXProject section */
		03F04EB027210EE5007CBD76 /* Project object */ = {
			isa = PBXProject;
			attributes = {
				BuildIndependentTargetsInParallel = 1;
				LastSwiftUpdateCheck = 1300;
				LastUpgradeCheck = 1300;
				TargetAttributes = {
					03F04EB727210EE5007CBD76 = {
						CreatedOnToolsVersion = 13.0;
					};
				};
			};
			buildConfigurationList = 03F04EB327210EE5007CBD76 /* Build configuration list for PBXProject "BTCTracker" */;
			compatibilityVersion = "Xcode 13.0";
			developmentRegion = en;
			hasScannedForEncodings = 0;
			knownRegions = (
				en,
				Base,
			);
			mainGroup = 03F04EAF27210EE5007CBD76;
			productRefGroup = 03F04EB927210EE5007CBD76 /* Products */;
			projectDirPath = "";
			projectRoot = "";
			targets = (
				03F04EB727210EE5007CBD76 /* BTCTracker */,
			);
		};
/* End PBXProject section */

/* Begin PBXResourcesBuildPhase section */
		03F04EB627210EE5007CBD76 /* Resources */ = {
			isa = PBXResourcesBuildPhase;
			buildActionMask = 2147483647;
			files = (
				03F04EC827210EE9007CBD76 /* LaunchScreen.storyboard in Resources */,
				03F04EC527210EE9007CBD76 /* Assets.xcassets in Resources */,
				03F04EC327210EE5007CBD76 /* Main.storyboard in Resources */,
				033B86A82727B2F90020E522 /* bitcoin-logo.jpeg in Resources */,
			);
			runOnlyForDeploymentPostprocessing = 0;
		};
/* End PBXResourcesBuildPhase section */

/* Begin PBXSourcesBuildPhase section */
		03F04EB427210EE5007CBD76 /* Sources */ = {
			isa = PBXSourcesBuildPhase;
			buildActionMask = 2147483647;
			files = (
				03F04ED82721C27E007CBD76 /* BitcoinTrackerViewModel.swift in Sources */,
				033B86AB2727B9CB0020E522 /* Extensions.swift in Sources */,
				033B86A62727B0CE0020E522 /* BitcoinTrackerViewController.swift in Sources */,
				03F04EDB2721C7CB007CBD76 /* BitcoinTrackerModel.swift in Sources */,
				033B86AE2727BA220020E522 /* Constants.swift in Sources */,
				03F04EBC27210EE5007CBD76 /* AppDelegate.swift in Sources */,
				03F04EBE27210EE5007CBD76 /* SceneDelegate.swift in Sources */,
				033B86B02727BA5B0020E522 /* Utils.swift in Sources */,
			);
			runOnlyForDeploymentPostprocessing = 0;
		};
/* End PBXSourcesBuildPhase section */

/* Begin PBXVariantGroup section */
		03F04EC127210EE5007CBD76 /* Main.storyboard */ = {
			isa = PBXVariantGroup;
			children = (
				03F04EC227210EE5007CBD76 /* Base */,
			);
			name = Main.storyboard;
			sourceTree = "<group>";
		};
		03F04EC627210EE9007CBD76 /* LaunchScreen.storyboard */ = {
			isa = PBXVariantGroup;
			children = (
				03F04EC727210EE9007CBD76 /* Base */,
			);
			name = LaunchScreen.storyboard;
			sourceTree = "<group>";
		};
/* End PBXVariantGroup section */

/* Begin XCBuildConfiguration section */
		03F04ECA27210EE9007CBD76 /* Debug */ = {
			isa = XCBuildConfiguration;
			buildSettings = {
				ALWAYS_SEARCH_USER_PATHS = NO;
				CLANG_ANALYZER_NONNULL = YES;
				CLANG_ANALYZER_NUMBER_OBJECT_CONVERSION = YES_AGGRESSIVE;
				CLANG_CXX_LANGUAGE_STANDARD = "gnu++17";
				CLANG_CXX_LIBRARY = "libc++";
				CLANG_ENABLE_MODULES = YES;
				CLANG_ENABLE_OBJC_ARC = YES;
				CLANG_ENABLE_OBJC_WEAK = YES;
				CLANG_WARN_BLOCK_CAPTURE_AUTORELEASING = YES;
				CLANG_WARN_BOOL_CONVERSION = YES;
				CLANG_WARN_COMMA = YES;
				CLANG_WARN_CONSTANT_CONVERSION = YES;
				CLANG_WARN_DEPRECATED_OBJC_IMPLEMENTATIONS = YES;
				CLANG_WARN_DIRECT_OBJC_ISA_USAGE = YES_ERROR;
				CLANG_WARN_DOCUMENTATION_COMMENTS = YES;
				CLANG_WARN_EMPTY_BODY = YES;
				CLANG_WARN_ENUM_CONVERSION = YES;
				CLANG_WARN_INFINITE_RECURSION = YES;
				CLANG_WARN_INT_CONVERSION = YES;
				CLANG_WARN_NON_LITERAL_NULL_CONVERSION = YES;
				CLANG_WARN_OBJC_IMPLICIT_RETAIN_SELF = YES;
				CLANG_WARN_OBJC_LITERAL_CONVERSION = YES;
				CLANG_WARN_OBJC_ROOT_CLASS = YES_ERROR;
				CLANG_WARN_QUOTED_INCLUDE_IN_FRAMEWORK_HEADER = YES;
				CLANG_WARN_RANGE_LOOP_ANALYSIS = YES;
				CLANG_WARN_STRICT_PROTOTYPES = YES;
				CLANG_WARN_SUSPICIOUS_MOVE = YES;
				CLANG_WARN_UNGUARDED_AVAILABILITY = YES_AGGRESSIVE;
				CLANG_WARN_UNREACHABLE_CODE = YES;
				CLANG_WARN__DUPLICATE_METHOD_MATCH = YES;
				COPY_PHASE_STRIP = NO;
				DEBUG_INFORMATION_FORMAT = dwarf;
				ENABLE_STRICT_OBJC_MSGSEND = YES;
				ENABLE_TESTABILITY = YES;
				GCC_C_LANGUAGE_STANDARD = gnu11;
				GCC_DYNAMIC_NO_PIC = NO;
				GCC_NO_COMMON_BLOCKS = YES;
				GCC_OPTIMIZATION_LEVEL = 0;
				GCC_PREPROCESSOR_DEFINITIONS = (
					"DEBUG=1",
					"$(inherited)",
				);
				GCC_WARN_64_TO_32_BIT_CONVERSION = YES;
				GCC_WARN_ABOUT_RETURN_TYPE = YES_ERROR;
				GCC_WARN_UNDECLARED_SELECTOR = YES;
				GCC_WARN_UNINITIALIZED_AUTOS = YES_AGGRESSIVE;
				GCC_WARN_UNUSED_FUNCTION = YES;
				GCC_WARN_UNUSED_VARIABLE = YES;
				IPHONEOS_DEPLOYMENT_TARGET = 13.0;
				MTL_ENABLE_DEBUG_INFO = INCLUDE_SOURCE;
				MTL_FAST_MATH = YES;
				ONLY_ACTIVE_ARCH = YES;
				SDKROOT = iphoneos;
				SWIFT_ACTIVE_COMPILATION_CONDITIONS = DEBUG;
				SWIFT_OPTIMIZATION_LEVEL = "-Onone";
			};
			name = Debug;
		};
		03F04ECB27210EE9007CBD76 /* Release */ = {
			isa = XCBuildConfiguration;
			buildSettings = {
				ALWAYS_SEARCH_USER_PATHS = NO;
				CLANG_ANALYZER_NONNULL = YES;
				CLANG_ANALYZER_NUMBER_OBJECT_CONVERSION = YES_AGGRESSIVE;
				CLANG_CXX_LANGUAGE_STANDARD = "gnu++17";
				CLANG_CXX_LIBRARY = "libc++";
				CLANG_ENABLE_MODULES = YES;
				CLANG_ENABLE_OBJC_ARC = YES;
				CLANG_ENABLE_OBJC_WEAK = YES;
				CLANG_WARN_BLOCK_CAPTURE_AUTORELEASING = YES;
				CLANG_WARN_BOOL_CONVERSION = YES;
				CLANG_WARN_COMMA = YES;
				CLANG_WARN_CONSTANT_CONVERSION = YES;
				CLANG_WARN_DEPRECATED_OBJC_IMPLEMENTATIONS = YES;
				CLANG_WARN_DIRECT_OBJC_ISA_USAGE = YES_ERROR;
				CLANG_WARN_DOCUMENTATION_COMMENTS = YES;
				CLANG_WARN_EMPTY_BODY = YES;
				CLANG_WARN_ENUM_CONVERSION = YES;
				CLANG_WARN_INFINITE_RECURSION = YES;
				CLANG_WARN_INT_CONVERSION = YES;
				CLANG_WARN_NON_LITERAL_NULL_CONVERSION = YES;
				CLANG_WARN_OBJC_IMPLICIT_RETAIN_SELF = YES;
				CLANG_WARN_OBJC_LITERAL_CONVERSION = YES;
				CLANG_WARN_OBJC_ROOT_CLASS = YES_ERROR;
				CLANG_WARN_QUOTED_INCLUDE_IN_FRAMEWORK_HEADER = YES;
				CLANG_WARN_RANGE_LOOP_ANALYSIS = YES;
				CLANG_WARN_STRICT_PROTOTYPES = YES;
				CLANG_WARN_SUSPICIOUS_MOVE = YES;
				CLANG_WARN_UNGUARDED_AVAILABILITY = YES_AGGRESSIVE;
				CLANG_WARN_UNREACHABLE_CODE = YES;
				CLANG_WARN__DUPLICATE_METHOD_MATCH = YES;
				COPY_PHASE_STRIP = NO;
				DEBUG_INFORMATION_FORMAT = "dwarf-with-dsym";
				ENABLE_NS_ASSERTIONS = NO;
				ENABLE_STRICT_OBJC_MSGSEND = YES;
				GCC_C_LANGUAGE_STANDARD = gnu11;
				GCC_NO_COMMON_BLOCKS = YES;
				GCC_WARN_64_TO_32_BIT_CONVERSION = YES;
				GCC_WARN_ABOUT_RETURN_TYPE = YES_ERROR;
				GCC_WARN_UNDECLARED_SELECTOR = YES;
				GCC_WARN_UNINITIALIZED_AUTOS = YES_AGGRESSIVE;
				GCC_WARN_UNUSED_FUNCTION = YES;
				GCC_WARN_UNUSED_VARIABLE = YES;
				IPHONEOS_DEPLOYMENT_TARGET = 13.0;
				MTL_ENABLE_DEBUG_INFO = NO;
				MTL_FAST_MATH = YES;
				SDKROOT = iphoneos;
				SWIFT_COMPILATION_MODE = wholemodule;
				SWIFT_OPTIMIZATION_LEVEL = "-O";
				VALIDATE_PRODUCT = YES;
			};
			name = Release;
		};
		03F04ECD27210EE9007CBD76 /* Debug */ = {
			isa = XCBuildConfiguration;
			buildSettings = {
				ASSETCATALOG_COMPILER_APPICON_NAME = AppIcon;
				ASSETCATALOG_COMPILER_GLOBAL_ACCENT_COLOR_NAME = AccentColor;
				CODE_SIGN_STYLE = Automatic;
				CURRENT_PROJECT_VERSION = 1;
				GENERATE_INFOPLIST_FILE = YES;
				INFOPLIST_FILE = BTCTracker/Other/Info.plist;
				INFOPLIST_KEY_UIApplicationSupportsIndirectInputEvents = YES;
				INFOPLIST_KEY_UILaunchStoryboardName = LaunchScreen;
				INFOPLIST_KEY_UIMainStoryboardFile = Main;
				INFOPLIST_KEY_UISupportedInterfaceOrientations_iPad = "UIInterfaceOrientationPortrait UIInterfaceOrientationPortraitUpsideDown UIInterfaceOrientationLandscapeLeft UIInterfaceOrientationLandscapeRight";
				INFOPLIST_KEY_UISupportedInterfaceOrientations_iPhone = "UIInterfaceOrientationPortrait UIInterfaceOrientationLandscapeLeft UIInterfaceOrientationLandscapeRight";
				LD_RUNPATH_SEARCH_PATHS = (
					"$(inherited)",
					"@executable_path/Frameworks",
				);
				MARKETING_VERSION = 1.0;
				PRODUCT_BUNDLE_IDENTIFIER = com.rxtr007.BTCTracker;
				PRODUCT_NAME = "$(TARGET_NAME)";
				SWIFT_EMIT_LOC_STRINGS = YES;
				SWIFT_VERSION = 5.0;
				TARGETED_DEVICE_FAMILY = 1;
			};
			name = Debug;
		};
		03F04ECE27210EE9007CBD76 /* Release */ = {
			isa = XCBuildConfiguration;
			buildSettings = {
				ASSETCATALOG_COMPILER_APPICON_NAME = AppIcon;
				ASSETCATALOG_COMPILER_GLOBAL_ACCENT_COLOR_NAME = AccentColor;
				CODE_SIGN_STYLE = Automatic;
				CURRENT_PROJECT_VERSION = 1;
				GENERATE_INFOPLIST_FILE = YES;
				INFOPLIST_FILE = BTCTracker/Other/Info.plist;
				INFOPLIST_KEY_UIApplicationSupportsIndirectInputEvents = YES;
				INFOPLIST_KEY_UILaunchStoryboardName = LaunchScreen;
				INFOPLIST_KEY_UIMainStoryboardFile = Main;
				INFOPLIST_KEY_UISupportedInterfaceOrientations_iPad = "UIInterfaceOrientationPortrait UIInterfaceOrientationPortraitUpsideDown UIInterfaceOrientationLandscapeLeft UIInterfaceOrientationLandscapeRight";
				INFOPLIST_KEY_UISupportedInterfaceOrientations_iPhone = "UIInterfaceOrientationPortrait UIInterfaceOrientationLandscapeLeft UIInterfaceOrientationLandscapeRight";
				LD_RUNPATH_SEARCH_PATHS = (
					"$(inherited)",
					"@executable_path/Frameworks",
				);
				MARKETING_VERSION = 1.0;
				PRODUCT_BUNDLE_IDENTIFIER = com.rxtr007.BTCTracker;
				PRODUCT_NAME = "$(TARGET_NAME)";
				SWIFT_EMIT_LOC_STRINGS = YES;
				SWIFT_VERSION = 5.0;
				TARGETED_DEVICE_FAMILY = 1;
			};
			name = Release;
		};
/* End XCBuildConfiguration section */

/* Begin XCConfigurationList section */
		03F04EB327210EE5007CBD76 /* Build configuration list for PBXProject "BTCTracker" */ = {
			isa = XCConfigurationList;
			buildConfigurations = (
				03F04ECA27210EE9007CBD76 /* Debug */,
				03F04ECB27210EE9007CBD76 /* Release */,
			);
			defaultConfigurationIsVisible = 0;
			defaultConfigurationName = Release;
		};
		03F04ECC27210EE9007CBD76 /* Build configuration list for PBXNativeTarget "BTCTracker" */ = {
			isa = XCConfigurationList;
			buildConfigurations = (
				03F04ECD27210EE9007CBD76 /* Debug */,
				03F04ECE27210EE9007CBD76 /* Release */,
			);
			defaultConfigurationIsVisible = 0;
			defaultConfigurationName = Release;
		};
/* End XCConfigurationList section */
	};
	rootObject = 03F04EB027210EE5007CBD76 /* Project object */;
}
